
Microsoft Visual Studio Solution File, Format Version 12.00
# Visual Studio 14
VisualStudioVersion = 14.0.25420.1
MinimumVisualStudioVersion = 10.0.40219.1
Project("{2150E333-8FDC-42A3-9474-1A3956D46DE8}") = "1 - Application", "1 - Application", "{528A7CB4-1A67-439B-852B-12D71C4C01A0}"
EndProject
Project("{2150E333-8FDC-42A3-9474-1A3956D46DE8}") = "2 - Domain", "2 - Domain", "{3756033F-517D-4BD7-BDCB-67DC43D63766}"
EndProject
Project("{2150E333-8FDC-42A3-9474-1A3956D46DE8}") = "3 - Service", "3 - Service", "{F109FE79-001C-47D4-B37A-1D6A5814D16B}"
EndProject
Project("{2150E333-8FDC-42A3-9474-1A3956D46DE8}") = "4 - Infra", "4 - Infra", "{2F757FD0-980D-4B72-9B5D-278CFF71B81B}"
EndProject
Project("{FAE04EC0-301F-11D3-BF4B-00C04F79EFBC}") = "PingPong.Domain", "PingPong.Domain\PingPong.Domain.csproj", "{D57249E4-7FC7-4435-BB2E-1DCBBFA8299C}"
EndProject
Project("{FAE04EC0-301F-11D3-BF4B-00C04F79EFBC}") = "PingPong.Service", "PingPong.Service\PingPong.Service.csproj", "{6FE5951F-8731-48AE-83AD-47105A30AC42}"
EndProject
Project("{2150E333-8FDC-42A3-9474-1A3956D46DE8}") = "4.1 - Data", "4.1 - Data", "{141FC384-821A-4548-A632-FF481F101C87}"
EndProject
Project("{2150E333-8FDC-42A3-9474-1A3956D46DE8}") = "4.2 - CrossCutting", "4.2 - CrossCutting", "{657BB472-64C7-438D-B676-1E283D242DE8}"
EndProject
Project("{FAE04EC0-301F-11D3-BF4B-00C04F79EFBC}") = "PingPong.Infra.Data", "PingPong.Infra.Data\PingPong.Infra.Data.csproj", "{FE29C2B7-E680-4BD5-9A6D-AA529EE0BDFF}"
EndProject
Project("{2150E333-8FDC-42A3-9474-1A3956D46DE8}") = "0 - Presentation", "0 - Presentation", "{79D2DADA-4A87-4E22-B19E-A57ED082C455}"
EndProject
Project("{FAE04EC0-301F-11D3-BF4B-00C04F79EFBC}") = "PingPong.Application", "PingPong.Application\PingPong.Application.csproj", "{EABD3D96-1E90-4D1C-B940-463A2D79F111}"
EndProject
Project("{2150E333-8FDC-42A3-9474-1A3956D46DE8}") = "5 - Test", "5 - Test", "{9D89BC84-E308-46C3-ADB8-25CC00A23A43}"
EndProject
Project("{FAE04EC0-301F-11D3-BF4B-00C04F79EFBC}") = "PingPong.Test", "PingPong.Test\PingPong.Test.csproj", "{66DBFEDC-12DA-45F5-8321-414133F92ED9}"
EndProject
Project("{FAE04EC0-301F-11D3-BF4B-00C04F79EFBC}") = "PingPong.Api", "PingPong.Api\PingPong.Api.csproj", "{B9C96352-FA97-4341-9B6D-5C59C1856F18}"
EndProject
Global
	GlobalSection(SolutionConfigurationPlatforms) = preSolution
		Debug|Any CPU = Debug|Any CPU
		Release|Any CPU = Release|Any CPU
	EndGlobalSection
	GlobalSection(ProjectConfigurationPlatforms) = postSolution
		{D57249E4-7FC7-4435-BB2E-1DCBBFA8299C}.Debug|Any CPU.ActiveCfg = Debug|Any CPU
		{D57249E4-7FC7-4435-BB2E-1DCBBFA8299C}.Debug|Any CPU.Build.0 = Debug|Any CPU
		{D57249E4-7FC7-4435-BB2E-1DCBBFA8299C}.Release|Any CPU.ActiveCfg = Release|Any CPU
		{D57249E4-7FC7-4435-BB2E-1DCBBFA8299C}.Release|Any CPU.Build.0 = Release|Any CPU
		{6FE5951F-8731-48AE-83AD-47105A30AC42}.Debug|Any CPU.ActiveCfg = Debug|Any CPU
		{6FE5951F-8731-48AE-83AD-47105A30AC42}.Debug|Any CPU.Build.0 = Debug|Any CPU
		{6FE5951F-8731-48AE-83AD-47105A30AC42}.Release|Any CPU.ActiveCfg = Release|Any CPU
		{6FE5951F-8731-48AE-83AD-47105A30AC42}.Release|Any CPU.Build.0 = Release|Any CPU
		{FE29C2B7-E680-4BD5-9A6D-AA529EE0BDFF}.Debug|Any CPU.ActiveCfg = Debug|Any CPU
		{FE29C2B7-E680-4BD5-9A6D-AA529EE0BDFF}.Debug|Any CPU.Build.0 = Debug|Any CPU
		{FE29C2B7-E680-4BD5-9A6D-AA529EE0BDFF}.Release|Any CPU.ActiveCfg = Release|Any CPU
		{FE29C2B7-E680-4BD5-9A6D-AA529EE0BDFF}.Release|Any CPU.Build.0 = Release|Any CPU
		{EABD3D96-1E90-4D1C-B940-463A2D79F111}.Debug|Any CPU.ActiveCfg = Debug|Any CPU
		{EABD3D96-1E90-4D1C-B940-463A2D79F111}.Debug|Any CPU.Build.0 = Debug|Any CPU
		{EABD3D96-1E90-4D1C-B940-463A2D79F111}.Release|Any CPU.ActiveCfg = Release|Any CPU
		{EABD3D96-1E90-4D1C-B940-463A2D79F111}.Release|Any CPU.Build.0 = Release|Any CPU
		{66DBFEDC-12DA-45F5-8321-414133F92ED9}.Debug|Any CPU.ActiveCfg = Debug|Any CPU
		{66DBFEDC-12DA-45F5-8321-414133F92ED9}.Debug|Any CPU.Build.0 = Debug|Any CPU
		{66DBFEDC-12DA-45F5-8321-414133F92ED9}.Release|Any CPU.ActiveCfg = Release|Any CPU
		{66DBFEDC-12DA-45F5-8321-414133F92ED9}.Release|Any CPU.Build.0 = Release|Any CPU
		{B9C96352-FA97-4341-9B6D-5C59C1856F18}.Debug|Any CPU.ActiveCfg = Debug|Any CPU
		{B9C96352-FA97-4341-9B6D-5C59C1856F18}.Debug|Any CPU.Build.0 = Debug|Any CPU
		{B9C96352-FA97-4341-9B6D-5C59C1856F18}.Release|Any CPU.ActiveCfg = Release|Any CPU
		{B9C96352-FA97-4341-9B6D-5C59C1856F18}.Release|Any CPU.Build.0 = Release|Any CPU
	EndGlobalSection
	GlobalSection(SolutionProperties) = preSolution
		HideSolutionNode = FALSE
	EndGlobalSection
	GlobalSection(NestedProjects) = preSolution
		{D57249E4-7FC7-4435-BB2E-1DCBBFA8299C} = {3756033F-517D-4BD7-BDCB-67DC43D63766}
		{6FE5951F-8731-48AE-83AD-47105A30AC42} = {F109FE79-001C-47D4-B37A-1D6A5814D16B}
		{141FC384-821A-4548-A632-FF481F101C87} = {2F757FD0-980D-4B72-9B5D-278CFF71B81B}
		{657BB472-64C7-438D-B676-1E283D242DE8} = {2F757FD0-980D-4B72-9B5D-278CFF71B81B}
		{FE29C2B7-E680-4BD5-9A6D-AA529EE0BDFF} = {141FC384-821A-4548-A632-FF481F101C87}
		{EABD3D96-1E90-4D1C-B940-463A2D79F111} = {528A7CB4-1A67-439B-852B-12D71C4C01A0}
		{66DBFEDC-12DA-45F5-8321-414133F92ED9} = {9D89BC84-E308-46C3-ADB8-25CC00A23A43}
		{B9C96352-FA97-4341-9B6D-5C59C1856F18} = {79D2DADA-4A87-4E22-B19E-A57ED082C455}
	EndGlobalSection
EndGlobal
